PODS:
  - AFNetworking (2.2.3):
    - AFNetworking/NSURLConnection
    - AFNetworking/NSURLSession
    - AFNetworking/Reachability
    - AFNetworking/Security
    - AFNetworking/Serialization
    - AFNetworking/UIKit
  - AFNetworking/NSURLConnection (2.2.3):
    - AFNetworking/Reachability
    - AFNetworking/Security
    - AFNetworking/Serialization
  - AFNetworking/NSURLSession (2.2.3):
    - AFNetworking/NSURLConnection
  - AFNetworking/Reachability (2.2.3)
  - AFNetworking/Security (2.2.3)
  - AFNetworking/Serialization (2.2.3)
  - AFNetworking/UIKit (2.2.3):
    - AFNetworking/NSURLConnection
    - AFNetworking/NSURLSession
  - LBBlurredImage (0.2.0)
  - Mantle (1.4.1):
    - Mantle/extobjc
  - Mantle/extobjc (1.4.1)
  - MBProgressHUD (0.8)
  - pop (1.0.4)
  - ReactiveCocoa (2.3):
    - ReactiveCocoa/UI
  - ReactiveCocoa/Core (2.3):
    - ReactiveCocoa/no-arc
  - ReactiveCocoa/no-arc (2.3)
  - ReactiveCocoa/UI (2.3):
    - ReactiveCocoa/Core
  - SAMBadgeView (0.1.0)

DEPENDENCIES:
  - AFNetworking (~> 2.2.3)
  - LBBlurredImage
  - Mantle
  - MBProgressHUD
  - pop (~> 1.0)
  - ReactiveCocoa
  - SAMBadgeView

SPEC CHECKSUMS:
  AFNetworking: ae513199cca79e9d7af2708ccabe2ed075550c42
  LBBlurredImage: 26bacd10063a6e886de6a374f4727c3cefb22fc2
  Mantle: 0714cdb2b8559d9e6c2410d6a8529e3307bff189
  MBProgressHUD: 2bbc6f470111daf7f3eaa4eb12b8cbf01c4c0622
  pop: 63a4f5e8942077fed2efe195036ecc572c71c48c
  ReactiveCocoa: dde7b11a14954edf789e7343b2c32e595caabd01
  SAMBadgeView: 7eba9d24f817ed27c0a22ae0ae71e9e4577a7522

COCOAPODS: 0.32.1
